
Microsoft Visual Studio Solution File, Format Version 12.00
# Visual Studio Version 17
VisualStudioVersion = 17.14.36310.24
MinimumVisualStudioVersion = 10.0.40219.1
Project("{FAE04EC0-301F-11D3-BF4B-00C04F79EFBC}") = "Contactly", "Contactly\Contactly.csproj", "{D95C4C1F-BE1D-40F1-BE7A-A84E2A2F5FAF}"
EndProject
Global
	GlobalSection(SolutionConfigurationPlatforms) = preSolution
		Debug|Any CPU = Debug|Any CPU
		Release|Any CPU = Release|Any CPU
	EndGlobalSection
	GlobalSection(ProjectConfigurationPlatforms) = postSolution
		{D95C4C1F-BE1D-40F1-BE7A-A84E2A2F5FAF}.Debug|Any CPU.ActiveCfg = Debug|Any CPU
		{D95C4C1F-BE1D-40F1-BE7A-A84E2A2F5FAF}.Debug|Any CPU.Build.0 = Debug|Any CPU
		{D95C4C1F-BE1D-40F1-BE7A-A84E2A2F5FAF}.Release|Any CPU.ActiveCfg = Release|Any CPU
		{D95C4C1F-BE1D-40F1-BE7A-A84E2A2F5FAF}.Release|Any CPU.Build.0 = Release|Any CPU
	EndGlobalSection
	GlobalSection(SolutionProperties) = preSolution
		HideSolutionNode = FALSE
	EndGlobalSection
	GlobalSection(ExtensibilityGlobals) = postSolution
		SolutionGuid = {B58A4A37-B38E-4F62-A65C-3489FA3B6E29}
	EndGlobalSection
EndGlobal
